
Microsoft Visual Studio Solution File, Format Version 12.00
# Visual Studio Version 17
VisualStudioVersion = 17.10.35013.160
MinimumVisualStudioVersion = 10.0.40219.1
Project("{888888A0-9F3D-457C-B088-3A5042F75D52}") = "PythonCalculator", "PythonCalculator\PythonCalculator.pyproj", "{593286E9-C7FF-421B-995D-00C4DFEC87BE}"
EndProject
Global
	GlobalSection(SolutionConfigurationPlatforms) = preSolution
		Debug|Any CPU = Debug|Any CPU
		Release|Any CPU = Release|Any CPU
	EndGlobalSection
	GlobalSection(ProjectConfigurationPlatforms) = postSolution
		{593286E9-C7FF-421B-995D-00C4DFEC87BE}.Debug|Any CPU.ActiveCfg = Debug|Any CPU
		{593286E9-C7FF-421B-995D-00C4DFEC87BE}.Release|Any CPU.ActiveCfg = Release|Any CPU
	EndGlobalSection
	GlobalSection(SolutionProperties) = preSolution
		HideSolutionNode = FALSE
	EndGlobalSection
	GlobalSection(ExtensibilityGlobals) = postSolution
		SolutionGuid = {DCC95EBC-035B-450E-A610-12CEF793B18D}
	EndGlobalSection
EndGlobal
